
Microsoft Visual Studio Solution File, Format Version 12.00
# Visual Studio Version 17
VisualStudioVersion = 17.5.33502.453
MinimumVisualStudioVersion = 10.0.40219.1
Project("{FAE04EC0-301F-11D3-BF4B-00C04F79EFBC}") = "Vista", "Vista\Vista.csproj", "{40DFB0D9-A434-44DC-A39D-61FEE5843FD0}"
EndProject
Project("{FAE04EC0-301F-11D3-BF4B-00C04F79EFBC}") = "Dominio", "Dominio\Dominio.csproj", "{6BD7CFDC-192A-49B8-BB48-EB3EE5976BAC}"
EndProject
Project("{FAE04EC0-301F-11D3-BF4B-00C04F79EFBC}") = "Negocio", "Negocio\Negocio.csproj", "{462F3EFE-8E21-44B7-8FB0-1004759B2CDE}"
EndProject
Global
	GlobalSection(SolutionConfigurationPlatforms) = preSolution
		Debug|Any CPU = Debug|Any CPU
		Release|Any CPU = Release|Any CPU
	EndGlobalSection
	GlobalSection(ProjectConfigurationPlatforms) = postSolution
		{40DFB0D9-A434-44DC-A39D-61FEE5843FD0}.Debug|Any CPU.ActiveCfg = Debug|Any CPU
		{40DFB0D9-A434-44DC-A39D-61FEE5843FD0}.Debug|Any CPU.Build.0 = Debug|Any CPU
		{40DFB0D9-A434-44DC-A39D-61FEE5843FD0}.Release|Any CPU.ActiveCfg = Release|Any CPU
		{40DFB0D9-A434-44DC-A39D-61FEE5843FD0}.Release|Any CPU.Build.0 = Release|Any CPU
		{6BD7CFDC-192A-49B8-BB48-EB3EE5976BAC}.Debug|Any CPU.ActiveCfg = Debug|Any CPU
		{6BD7CFDC-192A-49B8-BB48-EB3EE5976BAC}.Debug|Any CPU.Build.0 = Debug|Any CPU
		{6BD7CFDC-192A-49B8-BB48-EB3EE5976BAC}.Release|Any CPU.ActiveCfg = Release|Any CPU
		{6BD7CFDC-192A-49B8-BB48-EB3EE5976BAC}.Release|Any CPU.Build.0 = Release|Any CPU
		{462F3EFE-8E21-44B7-8FB0-1004759B2CDE}.Debug|Any CPU.ActiveCfg = Debug|Any CPU
		{462F3EFE-8E21-44B7-8FB0-1004759B2CDE}.Debug|Any CPU.Build.0 = Debug|Any CPU
		{462F3EFE-8E21-44B7-8FB0-1004759B2CDE}.Release|Any CPU.ActiveCfg = Release|Any CPU
		{462F3EFE-8E21-44B7-8FB0-1004759B2CDE}.Release|Any CPU.Build.0 = Release|Any CPU
	EndGlobalSection
	GlobalSection(SolutionProperties) = preSolution
		HideSolutionNode = FALSE
	EndGlobalSection
	GlobalSection(ExtensibilityGlobals) = postSolution
		SolutionGuid = {6FBA7654-5866-4738-877C-EFFF5810DC29}
	EndGlobalSection
EndGlobal
